
Microsoft Visual Studio Solution File, Format Version 12.00
# Visual Studio Version 17
VisualStudioVersion = 17.1.32210.238
MinimumVisualStudioVersion = 10.0.40219.1
Project("{FAE04EC0-301F-11D3-BF4B-00C04F79EFBC}") = "Task_29", "Task_29.csproj", "{7BFC1AA0-1470-4C9E-954A-A08446855798}"
EndProject
Global
	GlobalSection(SolutionConfigurationPlatforms) = preSolution
		Debug|Any CPU = Debug|Any CPU
		Release|Any CPU = Release|Any CPU
	EndGlobalSection
	GlobalSection(ProjectConfigurationPlatforms) = postSolution
		{7BFC1AA0-1470-4C9E-954A-A08446855798}.Debug|Any CPU.ActiveCfg = Debug|Any CPU
		{7BFC1AA0-1470-4C9E-954A-A08446855798}.Debug|Any CPU.Build.0 = Debug|Any CPU
		{7BFC1AA0-1470-4C9E-954A-A08446855798}.Release|Any CPU.ActiveCfg = Release|Any CPU
		{7BFC1AA0-1470-4C9E-954A-A08446855798}.Release|Any CPU.Build.0 = Release|Any CPU
	EndGlobalSection
	GlobalSection(SolutionProperties) = preSolution
		HideSolutionNode = FALSE
	EndGlobalSection
	GlobalSection(ExtensibilityGlobals) = postSolution
		SolutionGuid = {D3E71604-068B-4405-AAF7-B06A7586E03F}
	EndGlobalSection
EndGlobal
